{
  "version": 4,
  "terraform_version": "1.8.2",
  "serial": 180,
  "lineage": "c77e7312-99d6-00e0-8d09-02c851593e1b",
  "outputs": {
    "public_ip_backend": {
      "value": "18.207.203.67",
      "type": "string"
    },
    "public_ip_frontend": {
      "value": "52.23.202.190",
      "type": "string"
    },
    "vpc_id": {
      "value": "vpc-0c0bc316f8d58ddb8",
      "type": "string"
    }
  },
  "resources": [
    {
      "mode": "data",
      "type": "aws_ami",
      "name": "ami",
      "provider": "provider[\"registry.terraform.io/hashicorp/aws\"]",
      "instances": [
        {
          "schema_version": 0,
          "attributes": {
            "architecture": "x86_64",
            "arn": "arn:aws:ec2:us-east-1::image/ami-080e1f13689e07408",
            "block_device_mappings": [
              {
                "device_name": "/dev/sda1",
                "ebs": {
                  "delete_on_termination": "true",
                  "encrypted": "false",
                  "iops": "0",
                  "snapshot_id": "snap-057fda6c9eb1d88ec",
                  "throughput": "0",
                  "volume_size": "8",
                  "volume_type": "gp2"
                },
                "no_device": "",
                "virtual_name": ""
              },
              {
                "device_name": "/dev/sdb",
                "ebs": {},
                "no_device": "",
                "virtual_name": "ephemeral0"
              },
              {
                "device_name": "/dev/sdc",
                "ebs": {},
                "no_device": "",
                "virtual_name": "ephemeral1"
              }
            ],
            "boot_mode": "uefi-preferred",
            "creation_date": "2024-03-01T04:02:56.000Z",
            "deprecation_time": "2026-03-01T04:02:56.000Z",
            "description": "Canonical, Ubuntu, 22.04 LTS, amd64 jammy image build on 2024-03-01",
            "ena_support": true,
            "executable_users": null,
            "filter": [
              {
                "name": "architecture",
                "values": [
                  "x86_64"
                ]
              },
              {
                "name": "name",
                "values": [
                  "ubuntu/images/hvm-ssd/ubuntu-jammy-22.04-amd64-server-20240301"
                ]
              }
            ],
            "hypervisor": "xen",
            "id": "ami-080e1f13689e07408",
            "image_id": "ami-080e1f13689e07408",
            "image_location": "amazon/ubuntu/images/hvm-ssd/ubuntu-jammy-22.04-amd64-server-20240301",
            "image_owner_alias": "amazon",
            "image_type": "machine",
            "imds_support": "",
            "include_deprecated": false,
            "kernel_id": "",
            "most_recent": true,
            "name": "ubuntu/images/hvm-ssd/ubuntu-jammy-22.04-amd64-server-20240301",
            "name_regex": null,
            "owner_id": "099720109477",
            "owners": null,
            "platform": "",
            "platform_details": "Linux/UNIX",
            "product_codes": [],
            "public": true,
            "ramdisk_id": "",
            "root_device_name": "/dev/sda1",
            "root_device_type": "ebs",
            "root_snapshot_id": "snap-057fda6c9eb1d88ec",
            "sriov_net_support": "simple",
            "state": "available",
            "state_reason": {
              "code": "UNSET",
              "message": "UNSET"
            },
            "tags": {},
            "timeouts": null,
            "tpm_support": "",
            "usage_operation": "RunInstances",
            "virtualization_type": "hvm"
          },
          "sensitive_attributes": []
        }
      ]
    },
    {
      "mode": "managed",
      "type": "aws_instance",
      "name": "gfetu_backend",
      "provider": "provider[\"registry.terraform.io/hashicorp/aws\"]",
      "instances": [
        {
          "schema_version": 1,
          "attributes": {
            "ami": "ami-080e1f13689e07408",
            "arn": "arn:aws:ec2:us-east-1:708113109960:instance/i-0323bd4550f3614bf",
            "associate_public_ip_address": true,
            "availability_zone": "us-east-1b",
            "capacity_reservation_specification": [
              {
                "capacity_reservation_preference": "open",
                "capacity_reservation_target": []
              }
            ],
            "cpu_core_count": 1,
            "cpu_options": [
              {
                "amd_sev_snp": "",
                "core_count": 1,
                "threads_per_core": 1
              }
            ],
            "cpu_threads_per_core": 1,
            "credit_specification": [
              {
                "cpu_credits": "standard"
              }
            ],
            "disable_api_stop": false,
            "disable_api_termination": false,
            "ebs_block_device": [],
            "ebs_optimized": false,
            "enclave_options": [
              {
                "enabled": false
              }
            ],
            "ephemeral_block_device": [],
            "get_password_data": false,
            "hibernation": false,
            "host_id": "",
            "host_resource_group_arn": null,
            "iam_instance_profile": "",
            "id": "i-0323bd4550f3614bf",
            "instance_initiated_shutdown_behavior": "stop",
            "instance_lifecycle": "",
            "instance_market_options": [],
            "instance_state": "running",
            "instance_type": "t2.nano",
            "ipv6_address_count": 0,
            "ipv6_addresses": [],
            "key_name": "gfetu_project_ssh_key",
            "launch_template": [],
            "maintenance_options": [
              {
                "auto_recovery": "default"
              }
            ],
            "metadata_options": [
              {
                "http_endpoint": "enabled",
                "http_protocol_ipv6": "disabled",
                "http_put_response_hop_limit": 1,
                "http_tokens": "optional",
                "instance_metadata_tags": "disabled"
              }
            ],
            "monitoring": false,
            "network_interface": [],
            "outpost_arn": "",
            "password_data": "",
            "placement_group": "",
            "placement_partition_number": 0,
            "primary_network_interface_id": "eni-0b71d5dfaf88bd3ba",
            "private_dns": "ip-192-168-2-19.ec2.internal",
            "private_dns_name_options": [
              {
                "enable_resource_name_dns_a_record": false,
                "enable_resource_name_dns_aaaa_record": false,
                "hostname_type": "ip-name"
              }
            ],
            "private_ip": "192.168.2.19",
            "public_dns": "",
            "public_ip": "18.207.203.67",
            "root_block_device": [
              {
                "delete_on_termination": true,
                "device_name": "/dev/sda1",
                "encrypted": false,
                "iops": 100,
                "kms_key_id": "",
                "tags": {},
                "tags_all": {},
                "throughput": 0,
                "volume_id": "vol-059f52913853b2efb",
                "volume_size": 8,
                "volume_type": "gp2"
              }
            ],
            "secondary_private_ips": [],
            "security_groups": [
              "sg-031d92cf510022497"
            ],
            "source_dest_check": false,
            "spot_instance_request_id": "",
            "subnet_id": "subnet-062f8cf91c0a468a9",
            "tags": {
              "Name": "gfetu_backend"
            },
            "tags_all": {
              "Name": "gfetu_backend"
            },
            "tenancy": "default",
            "timeouts": null,
            "user_data": null,
            "user_data_base64": null,
            "user_data_replace_on_change": false,
            "volume_tags": null,
            "vpc_security_group_ids": [
              "sg-031d92cf510022497"
            ]
          },
          "sensitive_attributes": [],
          "private": "eyJlMmJmYjczMC1lY2FhLTExZTYtOGY4OC0zNDM2M2JjN2M0YzAiOnsiY3JlYXRlIjo2MDAwMDAwMDAwMDAsImRlbGV0ZSI6MTIwMDAwMDAwMDAwMCwicmVhZCI6OTAwMDAwMDAwMDAwLCJ1cGRhdGUiOjYwMDAwMDAwMDAwMH0sInNjaGVtYV92ZXJzaW9uIjoiMSJ9",
          "dependencies": [
            "aws_key_pair.gfetu_project_ssh_key_pair",
            "aws_security_group.gfetu_sg_back",
            "aws_subnet.priv_subnet",
            "aws_vpc.gfetu_vpc",
            "data.aws_ami.ami",
            "tls_private_key.gfetu_key"
          ]
        }
      ]
    },
    {
      "mode": "managed",
      "type": "aws_instance",
      "name": "gfetu_frontend",
      "provider": "provider[\"registry.terraform.io/hashicorp/aws\"]",
      "instances": [
        {
          "schema_version": 1,
          "attributes": {
            "ami": "ami-080e1f13689e07408",
            "arn": "arn:aws:ec2:us-east-1:708113109960:instance/i-00dcedcc60076298b",
            "associate_public_ip_address": true,
            "availability_zone": "us-east-1c",
            "capacity_reservation_specification": [
              {
                "capacity_reservation_preference": "open",
                "capacity_reservation_target": []
              }
            ],
            "cpu_core_count": 1,
            "cpu_options": [
              {
                "amd_sev_snp": "",
                "core_count": 1,
                "threads_per_core": 1
              }
            ],
            "cpu_threads_per_core": 1,
            "credit_specification": [
              {
                "cpu_credits": "standard"
              }
            ],
            "disable_api_stop": false,
            "disable_api_termination": false,
            "ebs_block_device": [],
            "ebs_optimized": false,
            "enclave_options": [
              {
                "enabled": false
              }
            ],
            "ephemeral_block_device": [],
            "get_password_data": false,
            "hibernation": false,
            "host_id": "",
            "host_resource_group_arn": null,
            "iam_instance_profile": "",
            "id": "i-00dcedcc60076298b",
            "instance_initiated_shutdown_behavior": "stop",
            "instance_lifecycle": "",
            "instance_market_options": [],
            "instance_state": "running",
            "instance_type": "t2.nano",
            "ipv6_address_count": 0,
            "ipv6_addresses": [],
            "key_name": "gfetu_project_ssh_key",
            "launch_template": [],
            "maintenance_options": [
              {
                "auto_recovery": "default"
              }
            ],
            "metadata_options": [
              {
                "http_endpoint": "enabled",
                "http_protocol_ipv6": "disabled",
                "http_put_response_hop_limit": 1,
                "http_tokens": "optional",
                "instance_metadata_tags": "disabled"
              }
            ],
            "monitoring": false,
            "network_interface": [],
            "outpost_arn": "",
            "password_data": "",
            "placement_group": "",
            "placement_partition_number": 0,
            "primary_network_interface_id": "eni-068c6239a0b45dadd",
            "private_dns": "ip-192-168-1-181.ec2.internal",
            "private_dns_name_options": [
              {
                "enable_resource_name_dns_a_record": false,
                "enable_resource_name_dns_aaaa_record": false,
                "hostname_type": "ip-name"
              }
            ],
            "private_ip": "192.168.1.181",
            "public_dns": "",
            "public_ip": "52.23.202.190",
            "root_block_device": [
              {
                "delete_on_termination": true,
                "device_name": "/dev/sda1",
                "encrypted": false,
                "iops": 100,
                "kms_key_id": "",
                "tags": {},
                "tags_all": {},
                "throughput": 0,
                "volume_id": "vol-07302230770895b1c",
                "volume_size": 8,
                "volume_type": "gp2"
              }
            ],
            "secondary_private_ips": [],
            "security_groups": [
              "sg-06179f3b346bda0fe"
            ],
            "source_dest_check": false,
            "spot_instance_request_id": "",
            "subnet_id": "subnet-09f14f82e62cab853",
            "tags": {
              "Name": "gfetu_frontend"
            },
            "tags_all": {
              "Name": "gfetu_frontend"
            },
            "tenancy": "default",
            "timeouts": null,
            "user_data": null,
            "user_data_base64": null,
            "user_data_replace_on_change": false,
            "volume_tags": null,
            "vpc_security_group_ids": [
              "sg-06179f3b346bda0fe"
            ]
          },
          "sensitive_attributes": [],
          "private": "eyJlMmJmYjczMC1lY2FhLTExZTYtOGY4OC0zNDM2M2JjN2M0YzAiOnsiY3JlYXRlIjo2MDAwMDAwMDAwMDAsImRlbGV0ZSI6MTIwMDAwMDAwMDAwMCwicmVhZCI6OTAwMDAwMDAwMDAwLCJ1cGRhdGUiOjYwMDAwMDAwMDAwMH0sInNjaGVtYV92ZXJzaW9uIjoiMSJ9",
          "dependencies": [
            "aws_key_pair.gfetu_project_ssh_key_pair",
            "aws_security_group.gfetu_sg_front",
            "aws_subnet.pub_subnet",
            "aws_vpc.gfetu_vpc",
            "data.aws_ami.ami",
            "tls_private_key.gfetu_key"
          ]
        }
      ]
    },
    {
      "mode": "managed",
      "type": "aws_internet_gateway",
      "name": "igw",
      "provider": "provider[\"registry.terraform.io/hashicorp/aws\"]",
      "instances": [
        {
          "schema_version": 0,
          "attributes": {
            "arn": "arn:aws:ec2:us-east-1:708113109960:internet-gateway/igw-0f173603b06409adb",
            "id": "igw-0f173603b06409adb",
            "owner_id": "708113109960",
            "tags": {
              "Name": "gfetu_igw"
            },
            "tags_all": {
              "Name": "gfetu_igw"
            },
            "timeouts": null,
            "vpc_id": "vpc-0c0bc316f8d58ddb8"
          },
          "sensitive_attributes": [],
          "private": "eyJlMmJmYjczMC1lY2FhLTExZTYtOGY4OC0zNDM2M2JjN2M0YzAiOnsiY3JlYXRlIjoxMjAwMDAwMDAwMDAwLCJkZWxldGUiOjEyMDAwMDAwMDAwMDAsInVwZGF0ZSI6MTIwMDAwMDAwMDAwMH19",
          "dependencies": [
            "aws_vpc.gfetu_vpc"
          ]
        }
      ]
    },
    {
      "mode": "managed",
      "type": "aws_key_pair",
      "name": "gfetu_project_ssh_key_pair",
      "provider": "provider[\"registry.terraform.io/hashicorp/aws\"]",
      "instances": [
        {
          "schema_version": 1,
          "attributes": {
            "arn": "arn:aws:ec2:us-east-1:708113109960:key-pair/gfetu_project_ssh_key",
            "fingerprint": "4e:35:08:23:dc:53:95:97:38:b3:5b:11:71:f7:1b:c8",
            "id": "gfetu_project_ssh_key",
            "key_name": "gfetu_project_ssh_key",
            "key_name_prefix": "",
            "key_pair_id": "key-0a5f7685deaaad6f1",
            "key_type": "rsa",
            "public_key": "ssh-rsa AAAAB3NzaC1yc2EAAAADAQABAAACAQDSPjmsudKrHX/TbVnKX3LBL1uz5aDOTNJYT1OoRITeCVRrKgD/h37scZHv2LIzQtfP6GmsuvAlvFInFoRUa8KwFkgraQVH0B2MCbfgfxmW9gVNyFFYRvBhxP39MRSEyc63zwJNfmZBABc1lzDsOml+TgFwUoy/gfWrU3pdSybtE9TFxRzZpXeNDoFpH7gcGIMIOU8M6EtewCtWu7H2DWIVbvmMNF8CyC5oY98vb99X8uRzlHErFCryEBWlDe49hc8L4wvbEPmCMkKoq291iYUkktbBZ9ATWS5om87W7DAohiBTdqeCJ+bKqlS47xhkXhyldVwGnO98hhUn07PfT1ofBAQG/yx/407/FBEcIVAGoKdt6dDa3+VsAETAc5moJuAHl6pgAb7stMdGaWvUnm6nBUmycA/c6/qbJGWrgRy18msdzWc/WoB/Noegf5/3M9Ncfp09yyePB1RO4fz3DDjm5jlXaDs/1VwqQFAJBQcMHFHyhwEcvP7ClXoGiGuVMOB+AxxncMTnR6VBVE92p3dP+dBAGa95NhjO9ySs28r7gnDe4a5oQE2OXqvDZhoxXZwWn4Prm3iigvkrXMyjEnZuLxIu3fU/Tc3wooKBe1PubaNSXt3rfyY/ZcX2sHaMXMNcnhoc2n36Jx8pq+gqzA5Ih4cZ6zglpxJ0gRoZWsIPMw==",
            "tags": null,
            "tags_all": {}
          },
          "sensitive_attributes": [],
          "private": "eyJzY2hlbWFfdmVyc2lvbiI6IjEifQ==",
          "dependencies": [
            "tls_private_key.gfetu_key"
          ]
        }
      ]
    },
    {
      "mode": "managed",
      "type": "aws_route_table",
      "name": "route_table",
      "provider": "provider[\"registry.terraform.io/hashicorp/aws\"]",
      "instances": [
        {
          "schema_version": 0,
          "attributes": {
            "arn": "arn:aws:ec2:us-east-1:708113109960:route-table/rtb-080b102764648f70b",
            "id": "rtb-080b102764648f70b",
            "owner_id": "708113109960",
            "propagating_vgws": [],
            "route": [
              {
                "carrier_gateway_id": "",
                "cidr_block": "0.0.0.0/0",
                "core_network_arn": "",
                "destination_prefix_list_id": "",
                "egress_only_gateway_id": "",
                "gateway_id": "igw-0f173603b06409adb",
                "ipv6_cidr_block": "",
                "local_gateway_id": "",
                "nat_gateway_id": "",
                "network_interface_id": "",
                "transit_gateway_id": "",
                "vpc_endpoint_id": "",
                "vpc_peering_connection_id": ""
              }
            ],
            "tags": {
              "Name": "gfetu_route_table"
            },
            "tags_all": {
              "Name": "gfetu_route_table"
            },
            "timeouts": null,
            "vpc_id": "vpc-0c0bc316f8d58ddb8"
          },
          "sensitive_attributes": [],
          "private": "eyJlMmJmYjczMC1lY2FhLTExZTYtOGY4OC0zNDM2M2JjN2M0YzAiOnsiY3JlYXRlIjozMDAwMDAwMDAwMDAsImRlbGV0ZSI6MzAwMDAwMDAwMDAwLCJ1cGRhdGUiOjEyMDAwMDAwMDAwMH19",
          "dependencies": [
            "aws_internet_gateway.igw",
            "aws_vpc.gfetu_vpc"
          ]
        }
      ]
    },
    {
      "mode": "managed",
      "type": "aws_route_table_association",
      "name": "a1",
      "provider": "provider[\"registry.terraform.io/hashicorp/aws\"]",
      "instances": [
        {
          "schema_version": 0,
          "attributes": {
            "gateway_id": "",
            "id": "rtbassoc-0b59a88decde07de5",
            "route_table_id": "rtb-080b102764648f70b",
            "subnet_id": "subnet-09f14f82e62cab853",
            "timeouts": null
          },
          "sensitive_attributes": [],
          "private": "eyJlMmJmYjczMC1lY2FhLTExZTYtOGY4OC0zNDM2M2JjN2M0YzAiOnsiY3JlYXRlIjozMDAwMDAwMDAwMDAsImRlbGV0ZSI6MzAwMDAwMDAwMDAwLCJ1cGRhdGUiOjEyMDAwMDAwMDAwMH19",
          "dependencies": [
            "aws_internet_gateway.igw",
            "aws_route_table.route_table",
            "aws_subnet.pub_subnet",
            "aws_vpc.gfetu_vpc"
          ]
        }
      ]
    },
    {
      "mode": "managed",
      "type": "aws_route_table_association",
      "name": "a2",
      "provider": "provider[\"registry.terraform.io/hashicorp/aws\"]",
      "instances": [
        {
          "schema_version": 0,
          "attributes": {
            "gateway_id": "",
            "id": "rtbassoc-0f46706959c8f1b7b",
            "route_table_id": "rtb-080b102764648f70b",
            "subnet_id": "subnet-062f8cf91c0a468a9",
            "timeouts": null
          },
          "sensitive_attributes": [],
          "private": "eyJlMmJmYjczMC1lY2FhLTExZTYtOGY4OC0zNDM2M2JjN2M0YzAiOnsiY3JlYXRlIjozMDAwMDAwMDAwMDAsImRlbGV0ZSI6MzAwMDAwMDAwMDAwLCJ1cGRhdGUiOjEyMDAwMDAwMDAwMH19",
          "dependencies": [
            "aws_internet_gateway.igw",
            "aws_route_table.route_table",
            "aws_subnet.priv_subnet",
            "aws_vpc.gfetu_vpc"
          ]
        }
      ]
    },
    {
      "mode": "managed",
      "type": "aws_security_group",
      "name": "gfetu_sg_back",
      "provider": "provider[\"registry.terraform.io/hashicorp/aws\"]",
      "instances": [
        {
          "schema_version": 1,
          "attributes": {
            "arn": "arn:aws:ec2:us-east-1:708113109960:security-group/sg-031d92cf510022497",
            "description": "Managed by Terraform",
            "egress": [],
            "id": "sg-031d92cf510022497",
            "ingress": [],
            "name": "terraform-20240606093926225900000001",
            "name_prefix": "terraform-",
            "owner_id": "708113109960",
            "revoke_rules_on_delete": false,
            "tags": {
              "Name": "gfetu_sg_back"
            },
            "tags_all": {
              "Name": "gfetu_sg_back"
            },
            "timeouts": null,
            "vpc_id": "vpc-0c0bc316f8d58ddb8"
          },
          "sensitive_attributes": [],
          "private": "eyJlMmJmYjczMC1lY2FhLTExZTYtOGY4OC0zNDM2M2JjN2M0YzAiOnsiY3JlYXRlIjo2MDAwMDAwMDAwMDAsImRlbGV0ZSI6OTAwMDAwMDAwMDAwfSwic2NoZW1hX3ZlcnNpb24iOiIxIn0=",
          "dependencies": [
            "aws_vpc.gfetu_vpc"
          ]
        }
      ]
    },
    {
      "mode": "managed",
      "type": "aws_security_group",
      "name": "gfetu_sg_front",
      "provider": "provider[\"registry.terraform.io/hashicorp/aws\"]",
      "instances": [
        {
          "schema_version": 1,
          "attributes": {
            "arn": "arn:aws:ec2:us-east-1:708113109960:security-group/sg-06179f3b346bda0fe",
            "description": "Managed by Terraform",
            "egress": [],
            "id": "sg-06179f3b346bda0fe",
            "ingress": [],
            "name": "terraform-20240606093926226700000002",
            "name_prefix": "terraform-",
            "owner_id": "708113109960",
            "revoke_rules_on_delete": false,
            "tags": {
              "Name": "gfetu_sg_front"
            },
            "tags_all": {
              "Name": "gfetu_sg_front"
            },
            "timeouts": null,
            "vpc_id": "vpc-0c0bc316f8d58ddb8"
          },
          "sensitive_attributes": [],
          "private": "eyJlMmJmYjczMC1lY2FhLTExZTYtOGY4OC0zNDM2M2JjN2M0YzAiOnsiY3JlYXRlIjo2MDAwMDAwMDAwMDAsImRlbGV0ZSI6OTAwMDAwMDAwMDAwfSwic2NoZW1hX3ZlcnNpb24iOiIxIn0=",
          "dependencies": [
            "aws_vpc.gfetu_vpc"
          ]
        }
      ]
    },
    {
      "mode": "managed",
      "type": "aws_subnet",
      "name": "priv_subnet",
      "provider": "provider[\"registry.terraform.io/hashicorp/aws\"]",
      "instances": [
        {
          "schema_version": 1,
          "attributes": {
            "arn": "arn:aws:ec2:us-east-1:708113109960:subnet/subnet-062f8cf91c0a468a9",
            "assign_ipv6_address_on_creation": false,
            "availability_zone": "us-east-1b",
            "availability_zone_id": "use1-az2",
            "cidr_block": "192.168.2.0/24",
            "customer_owned_ipv4_pool": "",
            "enable_dns64": false,
            "enable_lni_at_device_index": 0,
            "enable_resource_name_dns_a_record_on_launch": false,
            "enable_resource_name_dns_aaaa_record_on_launch": false,
            "id": "subnet-062f8cf91c0a468a9",
            "ipv6_cidr_block": "",
            "ipv6_cidr_block_association_id": "",
            "ipv6_native": false,
            "map_customer_owned_ip_on_launch": false,
            "map_public_ip_on_launch": false,
            "outpost_arn": "",
            "owner_id": "708113109960",
            "private_dns_hostname_type_on_launch": "ip-name",
            "tags": {
              "Name": "gfetu_priv_subnet"
            },
            "tags_all": {
              "Name": "gfetu_priv_subnet"
            },
            "timeouts": null,
            "vpc_id": "vpc-0c0bc316f8d58ddb8"
          },
          "sensitive_attributes": [],
          "private": "eyJlMmJmYjczMC1lY2FhLTExZTYtOGY4OC0zNDM2M2JjN2M0YzAiOnsiY3JlYXRlIjo2MDAwMDAwMDAwMDAsImRlbGV0ZSI6MTIwMDAwMDAwMDAwMH0sInNjaGVtYV92ZXJzaW9uIjoiMSJ9",
          "dependencies": [
            "aws_vpc.gfetu_vpc"
          ]
        }
      ]
    },
    {
      "mode": "managed",
      "type": "aws_subnet",
      "name": "pub_subnet",
      "provider": "provider[\"registry.terraform.io/hashicorp/aws\"]",
      "instances": [
        {
          "schema_version": 1,
          "attributes": {
            "arn": "arn:aws:ec2:us-east-1:708113109960:subnet/subnet-09f14f82e62cab853",
            "assign_ipv6_address_on_creation": false,
            "availability_zone": "us-east-1c",
            "availability_zone_id": "use1-az4",
            "cidr_block": "192.168.1.0/24",
            "customer_owned_ipv4_pool": "",
            "enable_dns64": false,
            "enable_lni_at_device_index": 0,
            "enable_resource_name_dns_a_record_on_launch": false,
            "enable_resource_name_dns_aaaa_record_on_launch": false,
            "id": "subnet-09f14f82e62cab853",
            "ipv6_cidr_block": "",
            "ipv6_cidr_block_association_id": "",
            "ipv6_native": false,
            "map_customer_owned_ip_on_launch": false,
            "map_public_ip_on_launch": false,
            "outpost_arn": "",
            "owner_id": "708113109960",
            "private_dns_hostname_type_on_launch": "ip-name",
            "tags": {
              "Name": "gfetu_pub_subnet"
            },
            "tags_all": {
              "Name": "gfetu_pub_subnet"
            },
            "timeouts": null,
            "vpc_id": "vpc-0c0bc316f8d58ddb8"
          },
          "sensitive_attributes": [],
          "private": "eyJlMmJmYjczMC1lY2FhLTExZTYtOGY4OC0zNDM2M2JjN2M0YzAiOnsiY3JlYXRlIjo2MDAwMDAwMDAwMDAsImRlbGV0ZSI6MTIwMDAwMDAwMDAwMH0sInNjaGVtYV92ZXJzaW9uIjoiMSJ9",
          "dependencies": [
            "aws_vpc.gfetu_vpc"
          ]
        }
      ]
    },
    {
      "mode": "managed",
      "type": "aws_vpc",
      "name": "gfetu_vpc",
      "provider": "provider[\"registry.terraform.io/hashicorp/aws\"]",
      "instances": [
        {
          "schema_version": 1,
          "attributes": {
            "arn": "arn:aws:ec2:us-east-1:708113109960:vpc/vpc-0c0bc316f8d58ddb8",
            "assign_generated_ipv6_cidr_block": false,
            "cidr_block": "192.168.0.0/16",
            "default_network_acl_id": "acl-0828f47a6e5361da8",
            "default_route_table_id": "rtb-09aec3eea302bab3b",
            "default_security_group_id": "sg-02f555804a2673e13",
            "dhcp_options_id": "dopt-0e2f66217ab8d5ccf",
            "enable_dns_hostnames": false,
            "enable_dns_support": true,
            "enable_network_address_usage_metrics": false,
            "id": "vpc-0c0bc316f8d58ddb8",
            "instance_tenancy": "default",
            "ipv4_ipam_pool_id": null,
            "ipv4_netmask_length": null,
            "ipv6_association_id": "",
            "ipv6_cidr_block": "",
            "ipv6_cidr_block_network_border_group": "",
            "ipv6_ipam_pool_id": "",
            "ipv6_netmask_length": 0,
            "main_route_table_id": "rtb-09aec3eea302bab3b",
            "owner_id": "708113109960",
            "tags": {
              "Name": "gfetu_VPC"
            },
            "tags_all": {
              "Name": "gfetu_VPC"
            }
          },
          "sensitive_attributes": [],
          "private": "eyJzY2hlbWFfdmVyc2lvbiI6IjEifQ=="
        }
      ]
    },
    {
      "mode": "managed",
      "type": "aws_vpc_security_group_egress_rule",
      "name": "allow_all_traffic_ipv4_back",
      "provider": "provider[\"registry.terraform.io/hashicorp/aws\"]",
      "instances": [
        {
          "schema_version": 0,
          "attributes": {
            "arn": "arn:aws:ec2:us-east-1:708113109960:security-group-rule/sgr-03aa85bb2c0d6bee8",
            "cidr_ipv4": "0.0.0.0/0",
            "cidr_ipv6": null,
            "description": null,
            "from_port": null,
            "id": "sgr-03aa85bb2c0d6bee8",
            "ip_protocol": "-1",
            "prefix_list_id": null,
            "referenced_security_group_id": null,
            "security_group_id": "sg-031d92cf510022497",
            "security_group_rule_id": "sgr-03aa85bb2c0d6bee8",
            "tags": null,
            "tags_all": {},
            "to_port": null
          },
          "sensitive_attributes": [],
          "dependencies": [
            "aws_security_group.gfetu_sg_back",
            "aws_vpc.gfetu_vpc"
          ]
        }
      ]
    },
    {
      "mode": "managed",
      "type": "aws_vpc_security_group_egress_rule",
      "name": "allow_all_traffic_ipv4_front",
      "provider": "provider[\"registry.terraform.io/hashicorp/aws\"]",
      "instances": [
        {
          "schema_version": 0,
          "attributes": {
            "arn": "arn:aws:ec2:us-east-1:708113109960:security-group-rule/sgr-08e3a801301018760",
            "cidr_ipv4": "0.0.0.0/0",
            "cidr_ipv6": null,
            "description": null,
            "from_port": null,
            "id": "sgr-08e3a801301018760",
            "ip_protocol": "-1",
            "prefix_list_id": null,
            "referenced_security_group_id": null,
            "security_group_id": "sg-06179f3b346bda0fe",
            "security_group_rule_id": "sgr-08e3a801301018760",
            "tags": null,
            "tags_all": {},
            "to_port": null
          },
          "sensitive_attributes": [],
          "dependencies": [
            "aws_security_group.gfetu_sg_front",
            "aws_vpc.gfetu_vpc"
          ]
        }
      ]
    },
    {
      "mode": "managed",
      "type": "aws_vpc_security_group_ingress_rule",
      "name": "allow_ssh_from_frontend",
      "provider": "provider[\"registry.terraform.io/hashicorp/aws\"]",
      "instances": [
        {
          "schema_version": 0,
          "attributes": {
            "arn": "arn:aws:ec2:us-east-1:708113109960:security-group-rule/sgr-0687f61df4a27ec15",
            "cidr_ipv4": "192.168.1.0/24",
            "cidr_ipv6": null,
            "description": null,
            "from_port": 22,
            "id": "sgr-0687f61df4a27ec15",
            "ip_protocol": "tcp",
            "prefix_list_id": null,
            "referenced_security_group_id": null,
            "security_group_id": "sg-031d92cf510022497",
            "security_group_rule_id": "sgr-0687f61df4a27ec15",
            "tags": null,
            "tags_all": {},
            "to_port": 22
          },
          "sensitive_attributes": [],
          "dependencies": [
            "aws_security_group.gfetu_sg_back",
            "aws_subnet.pub_subnet",
            "aws_vpc.gfetu_vpc"
          ]
        }
      ]
    },
    {
      "mode": "managed",
      "type": "aws_vpc_security_group_ingress_rule",
      "name": "allow_ssh_ipv4",
      "provider": "provider[\"registry.terraform.io/hashicorp/aws\"]",
      "instances": [
        {
          "schema_version": 0,
          "attributes": {
            "arn": "arn:aws:ec2:us-east-1:708113109960:security-group-rule/sgr-056835216b389e539",
            "cidr_ipv4": "137.194.0.0/16",
            "cidr_ipv6": null,
            "description": null,
            "from_port": 22,
            "id": "sgr-056835216b389e539",
            "ip_protocol": "tcp",
            "prefix_list_id": null,
            "referenced_security_group_id": null,
            "security_group_id": "sg-06179f3b346bda0fe",
            "security_group_rule_id": "sgr-056835216b389e539",
            "tags": null,
            "tags_all": {},
            "to_port": 22
          },
          "sensitive_attributes": [],
          "dependencies": [
            "aws_security_group.gfetu_sg_front",
            "aws_vpc.gfetu_vpc"
          ]
        }
      ]
    },
    {
      "mode": "managed",
      "type": "local_file",
      "name": "gfetu_private_key",
      "provider": "provider[\"registry.terraform.io/hashicorp/local\"]",
      "instances": [
        {
          "schema_version": 0,
          "attributes": {
            "content": "-----BEGIN RSA PRIVATE KEY-----\nMIIJKQIBAAKCAgEA0j45rLnSqx1/021Zyl9ywS9bs+WgzkzSWE9TqESE3glUayoA\n/4d+7HGR79iyM0LXz+hprLrwJbxSJxaEVGvCsBZIK2kFR9AdjAm34H8ZlvYFTchR\nWEbwYcT9/TEUhMnOt88CTX5mQQAXNZcw7Dppfk4BcFKMv4H1q1N6XUsm7RPUxcUc\n2aV3jQ6BaR+4HBiDCDlPDOhLXsArVrux9g1iFW75jDRfAsguaGPfL2/fV/Lkc5Rx\nKxQq8hAVpQ3uPYXPC+ML2xD5gjJCqKtvdYmFJJLWwWfQE1kuaJvO1uwwKIYgU3an\ngifmyqpUuO8YZF4cpXVcBpzvfIYVJ9Oz309aHwQEBv8sf+NO/xQRHCFQBqCnbenQ\n2t/lbABEwHOZqCbgB5eqYAG+7LTHRmlr1J5upwVJsnAP3Ov6myRlq4EctfJrHc1n\nP1qAfzaHoH+f9zPTXH6dPcsnjwdUTuH89ww45uY5V2g7P9VcKkBQCQUHDBxR8ocB\nHLz+wpV6BohrlTDgfgMcZ3DE50elQVRPdqd3T/nQQBmveTYYzvckrNvK+4Jw3uGu\naEBNjl6rw2YaMV2cFp+D65t4ooL5K1zMoxJ2bi8SLt31P03N8KKCgXtT7m2jUl7d\n638mP2XF9rB2jFzDXJ4aHNp9+icfKavoKswOSIeHGes4JacSdIEaGVrCDzMCAwEA\nAQKCAgBeBgALFAt4BThOWKAIVklexgwv1ujkegyz+74BCauWFPwQ9Pb/UBxeJ6hJ\naFLBhAo568meuvd9GMxwuKwziQHHeB+McmovJI6iOxJlrtHF5n6Wu5hNb2Q/hTbF\njbaMcCgnocd42qdmOGEo0VXKv5DAMKiKEBDr8HXqyel2YY6mBfFpBO8TEuH1TmBn\noAzZW8j125NTxWs3k5+OKWC8Fl4gEcI+holbGCVRACEm+NQcY/7xBZja2Ckgmjrj\n1ugN0ZK30TFTJjM/m7Sd9BVjrj3CDn1Gf2PZ009i7xNAoN4ksV8xlGXzWl7nkedT\n0XHKKSCMioC+YF7mBJzfc9kEbFtzpYwqQXpHBahPrGVLv9f4FlaOQ/JZMhrvN2BA\nUPt8yTEdBZH8dEWfh29E4Js+wB4LleitD3LpquH4oKaWuk7Kb34C0l2fjGBD7/If\nVB12aKo9TGhKCNgrgfo6K8uFIJNtCCrOLtJe/EFSWWnoEU+FdKaUHETzACPlYZ/H\nqKf5PhRVSbhr4BWu7Skak/ebwoc9iRl5HyfEUHAMYALtmB44OYqCHeQW5rRVa/Ob\ntdmvgecOandUSiyKbQuPLLZyAAMMVgk4QPe8ui/iz3PTtgygrCsAjXH91hQ255k7\nPjuh6w8TCk81X9nqZpjDWupUU17F8WT8ktxYy6Db0TFVSk7bYQKCAQEA91w59+AA\nM1ToVsfzWhiNm5ojNt8yuzezgh9YSXmR8GN/GECSIze+nmBk7VW93pL+q8ixwFfi\nlF8Yfl2oaKjgnIvvUEfVBBm8BKxAbL3VHUO/FqKi908mLMXebUicgatFk0GP5eH+\nUm5PY6p/heDaNioCRiZYeP0QGBmFKPRHPdV0QRKNCSS2AHIdYzW+pUzkz+ijZf5l\nf5jWrueTh2XkCpTZtt2+tmKi75yKH0nPDmUjQjSqwbjE6wvE9Z6anvpNwgRGJAZK\n9+G80reKm1Z7EwmFUnftkJnTRB/MkyqyDO8j7hyDr9C7J6YCAjdENfE/vK9Qrti7\nxHpDSuMT37J6cQKCAQEA2ZYdfnfKmpv/aXyxEgWFR8Kz1P6XZS6PjSXfXMvGRMJx\nQgbrpJmckeanxKJV/jB47inDOHL063xrc/aQ4kSJxUkRQoBgxfFeKSXpzC3iECBx\nNmxBJihcvxR13v9gCM5N0SF1F/CeOQ8BgXb6WEIK6Bp/huel0PuPoDD8s1RQnOpt\nz7gi8wPabqLHT8W0LnnVERcDLbSF5cAeJ49oYqj0tPfuEddfR5gq8KT/WqEQ5gmS\ncRP5alDjZ9FXwvlkgA2s9rJead92Sdig2/RWnXcJm1yBKvJuiWBLteYcfkbYuY92\nYn7sohwp3VrUQEJoLtyfjrKYQ0GWlq+SFfu1tiPN4wKCAQEAzWaT7DThdb6Hv6gB\nd0r0K8VugF4Ork+ui9qjYT/F46t7GhRkRUJA0xqQNFQCehPtzY+1qlZQG4xrtmLn\nOSEiglvguPUs+V61NdwjEyj/EnHy90TNtjbPKFaWQIEPFM231HOYnfdvS9u1qLkn\nc3AnQtrXUJD+3lilSJ3IaR2PGtVo17Aj1Pfa+bvIk11JldGoHsy7AjKg7bdobYx2\ngPQmzHKV5rdzade2HOoL97c+bGGnSY6aTIq1WchIIP02v9RxRS5vX/KpxfR46zDl\ns9+4CzLYtoZHis9xExykr3/AoeTiHRModpIJFv9Oo7Bov7I4juG1SbtHD/vGbSTq\nl9KIwQKCAQEAtjpR00QyS5BQtaD3j1dOS05WXBEo7FW1ZgoM6mPDVnzea+Tt33nD\nNjJN2ZH3oR4peZVCaXllg/884u7iYo3yMGdEbESmR8EhEictipH23Xi+OE0rtvBg\n1KsnGK8aV+WoKHjz3yvm53SY1zu06MvO5JqkqXBCYCb/H7NHQE1iAjkX5Lqbkpls\ni/IKKNY0VCQ2/MwgHlwtM8DVwF4Ll21XHGT0Xr7YjlZzx/z324g/Zdkoa0nGPnMm\nMSGTdbh2ogRSEn5KMjMzlx81gWE+VTyHsDUl/LjzOFyMq/ffbyaYhbgP9ufD+PTL\nXxad4n97T5v4iYMroFBC9Upvd7fKdJPB7wKCAQA/zvVwWLLG3ve5TECS0uP/8BlZ\nVpqbQxvy+SYQ3aaU9fAHNmh7iy2hMksLDiXQvRkQsMKEyeFYHUDYcaesW8T3b8xh\nqWl3L+8es8SRyGeNk4XkzbdQbU78axFNefemqrvJHJil1xLe5w8A0ZS+LaP7oSQo\nAfT24WkgXheYdt9yD0Vzy2N5B22Y0geaZslBhkAdl2Fl/crSGUkFuWRAcY4tiPYo\nnd+Fnm+ZPd+T4P03VfBd7pwGcC9bKJnZu0WhOJ3xHd1mlVff+XkEBO3uI/+sOb8n\n4sDdCY1yG/ouzLIUqk4OYAvBliBqd8cmZmHT/vxebBvoTjKE59NlC8lCKluk\n-----END RSA PRIVATE KEY-----\n",
            "content_base64": null,
            "content_base64sha256": "pW5lQ8kJlZyC35OTVTKEEf3OGuyEiUTbpDp7J5lgZAw=",
            "content_base64sha512": "51CEDaw7a9zff/vd7bd0eGsCjAUtFGcBerA+wGIP2Ipb8plhBtG8BzOpqTBSwEGE0oPPCC25m4RFiDHaSvKamA==",
            "content_md5": "c20fdc580f6ede63456038482ade12c3",
            "content_sha1": "f1516bec43e95a91a3773722f90d3af22cf2e2d3",
            "content_sha256": "a56e6543c909959c82df939355328411fdce1aec848944dba43a7b279960640c",
            "content_sha512": "e750840dac3b6bdcdf7ffbddedb774786b028c052d1467017ab03ec0620fd88a5bf2996106d1bc0733a9a93052c04184d283cf082db99b84458831da4af29a98",
            "directory_permission": "0777",
            "file_permission": "0777",
            "filename": "../../.ssh/private_key_gfetu_gin208",
            "id": "f1516bec43e95a91a3773722f90d3af22cf2e2d3",
            "sensitive_content": null,
            "source": null
          },
          "sensitive_attributes": [
            [
              {
                "type": "get_attr",
                "value": "sensitive_content"
              }
            ],
            [
              {
                "type": "get_attr",
                "value": "content"
              }
            ]
          ],
          "dependencies": [
            "tls_private_key.gfetu_key"
          ]
        }
      ]
    },
    {
      "mode": "managed",
      "type": "local_file",
      "name": "inventory",
      "provider": "provider[\"registry.terraform.io/hashicorp/local\"]",
      "instances": [
        {
          "schema_version": 0,
          "attributes": {
            "content": "[webserver]\r\nnginx ansible_host=52.23.202.190\r\nFFmpeg backend=18.207.203.67\r\n\r\n[webservers:vars]\r\nansible_ssh_private_key_file=gfetu_project_ssh_key\r\nansible_user=ubuntu\r\n",
            "content_base64": null,
            "content_base64sha256": "P5sqayxxLKtKiX234k2X9FN1WlmSMA7GXlI0JIi1FgQ=",
            "content_base64sha512": "+HPAMSjwUpKflqNO9NapbYftLs4VGlXxmW6cu0utGrjKoTEDvWKaGjFbrrq0TNBJTclH5/6FEiWO/Ts+B9k/BQ==",
            "content_md5": "9f4daae4a0962716222fc554471a41b5",
            "content_sha1": "fc1aa16b994a4b71450dbf675db124b638b58862",
            "content_sha256": "3f9b2a6b2c712cab4a897db7e24d97f453755a5992300ec65e52342488b51604",
            "content_sha512": "f873c03128f052929f96a34ef4d6a96d87ed2ece151a55f1996e9cbb4bad1ab8caa13103bd629a1a315baebab44cd0494dc947e7fe8512258efd3b3e07d93f05",
            "directory_permission": "0777",
            "file_permission": "0777",
            "filename": "../inventory.ini",
            "id": "fc1aa16b994a4b71450dbf675db124b638b58862",
            "sensitive_content": null,
            "source": null
          },
          "sensitive_attributes": [
            [
              {
                "type": "get_attr",
                "value": "sensitive_content"
              }
            ]
          ],
          "dependencies": [
            "aws_instance.gfetu_backend",
            "aws_instance.gfetu_frontend",
            "aws_key_pair.gfetu_project_ssh_key_pair",
            "aws_security_group.gfetu_sg_back",
            "aws_security_group.gfetu_sg_front",
            "aws_subnet.priv_subnet",
            "aws_subnet.pub_subnet",
            "aws_vpc.gfetu_vpc",
            "data.aws_ami.ami",
            "tls_private_key.gfetu_key"
          ]
        }
      ]
    },
    {
      "mode": "managed",
      "type": "local_file",
      "name": "ssh_instructions",
      "provider": "provider[\"registry.terraform.io/hashicorp/local\"]",
      "instances": [
        {
          "schema_version": 0,
          "attributes": {
            "content": "To connect to the backend instance through the frontend jump host, use the following command:\r\nssh -i ../../.ssh/private_key_gfetu_gin208 -J ubuntu@52.23.202.190 ubuntu@192.168.2.19\r\n",
            "content_base64": null,
            "content_base64sha256": "w9F0ZxdKo5w20+EPjPfid14+w7MYJcclA/wRX3JEYEc=",
            "content_base64sha512": "mzWZvMRc/5Dzqz6BZldmq/VqJhgZr70Lj+y5VLeIuMyZnufD6ogpv3rs3acshUkRtzjvQukX7OKShMDiPbE1Tg==",
            "content_md5": "1bc4419c8d9f43ef32b693cf97e4dfc0",
            "content_sha1": "4c7c034dc9a4d28b667dec0fdd1a156bc68adfc7",
            "content_sha256": "c3d17467174aa39c36d3e10f8cf7e2775e3ec3b31825c72503fc115f72446047",
            "content_sha512": "9b3599bcc45cff90f3ab3e81665766abf56a261819afbd0b8fecb954b788b8cc999ee7c3ea8829bf7aecdda72c854911b738ef42e917ece29284c0e23db1354e",
            "directory_permission": "0777",
            "file_permission": "0777",
            "filename": "./ssh_instructions.txt",
            "id": "4c7c034dc9a4d28b667dec0fdd1a156bc68adfc7",
            "sensitive_content": null,
            "source": null
          },
          "sensitive_attributes": [
            [
              {
                "type": "get_attr",
                "value": "sensitive_content"
              }
            ]
          ],
          "dependencies": [
            "aws_instance.gfetu_backend",
            "aws_instance.gfetu_frontend",
            "aws_key_pair.gfetu_project_ssh_key_pair",
            "aws_security_group.gfetu_sg_back",
            "aws_security_group.gfetu_sg_front",
            "aws_subnet.priv_subnet",
            "aws_subnet.pub_subnet",
            "aws_vpc.gfetu_vpc",
            "data.aws_ami.ami",
            "local_file.gfetu_private_key",
            "tls_private_key.gfetu_key"
          ]
        }
      ]
    },
    {
      "mode": "managed",
      "type": "tls_private_key",
      "name": "gfetu_key",
      "provider": "provider[\"registry.terraform.io/hashicorp/tls\"]",
      "instances": [
        {
          "schema_version": 1,
          "attributes": {
            "algorithm": "RSA",
            "ecdsa_curve": "P224",
            "id": "b7ee60c2d8dba26ca4c59ea6d9f6a18e8b66ed16",
            "private_key_openssh": "-----BEGIN OPENSSH PRIVATE KEY-----\nb3BlbnNzaC1rZXktdjEAAAAABG5vbmUAAAAEbm9uZQAAAAAAAAABAAACFwAAAAdz\nc2gtcnNhAAAAAwEAAQAAAgEA0j45rLnSqx1/021Zyl9ywS9bs+WgzkzSWE9TqESE\n3glUayoA/4d+7HGR79iyM0LXz+hprLrwJbxSJxaEVGvCsBZIK2kFR9AdjAm34H8Z\nlvYFTchRWEbwYcT9/TEUhMnOt88CTX5mQQAXNZcw7Dppfk4BcFKMv4H1q1N6XUsm\n7RPUxcUc2aV3jQ6BaR+4HBiDCDlPDOhLXsArVrux9g1iFW75jDRfAsguaGPfL2/f\nV/Lkc5RxKxQq8hAVpQ3uPYXPC+ML2xD5gjJCqKtvdYmFJJLWwWfQE1kuaJvO1uww\nKIYgU3angifmyqpUuO8YZF4cpXVcBpzvfIYVJ9Oz309aHwQEBv8sf+NO/xQRHCFQ\nBqCnbenQ2t/lbABEwHOZqCbgB5eqYAG+7LTHRmlr1J5upwVJsnAP3Ov6myRlq4Ec\ntfJrHc1nP1qAfzaHoH+f9zPTXH6dPcsnjwdUTuH89ww45uY5V2g7P9VcKkBQCQUH\nDBxR8ocBHLz+wpV6BohrlTDgfgMcZ3DE50elQVRPdqd3T/nQQBmveTYYzvckrNvK\n+4Jw3uGuaEBNjl6rw2YaMV2cFp+D65t4ooL5K1zMoxJ2bi8SLt31P03N8KKCgXtT\n7m2jUl7d638mP2XF9rB2jFzDXJ4aHNp9+icfKavoKswOSIeHGes4JacSdIEaGVrC\nDzMAAAc4B9vhpwfb4acAAAAHc3NoLXJzYQAAAgEA0j45rLnSqx1/021Zyl9ywS9b\ns+WgzkzSWE9TqESE3glUayoA/4d+7HGR79iyM0LXz+hprLrwJbxSJxaEVGvCsBZI\nK2kFR9AdjAm34H8ZlvYFTchRWEbwYcT9/TEUhMnOt88CTX5mQQAXNZcw7Dppfk4B\ncFKMv4H1q1N6XUsm7RPUxcUc2aV3jQ6BaR+4HBiDCDlPDOhLXsArVrux9g1iFW75\njDRfAsguaGPfL2/fV/Lkc5RxKxQq8hAVpQ3uPYXPC+ML2xD5gjJCqKtvdYmFJJLW\nwWfQE1kuaJvO1uwwKIYgU3angifmyqpUuO8YZF4cpXVcBpzvfIYVJ9Oz309aHwQE\nBv8sf+NO/xQRHCFQBqCnbenQ2t/lbABEwHOZqCbgB5eqYAG+7LTHRmlr1J5upwVJ\nsnAP3Ov6myRlq4EctfJrHc1nP1qAfzaHoH+f9zPTXH6dPcsnjwdUTuH89ww45uY5\nV2g7P9VcKkBQCQUHDBxR8ocBHLz+wpV6BohrlTDgfgMcZ3DE50elQVRPdqd3T/nQ\nQBmveTYYzvckrNvK+4Jw3uGuaEBNjl6rw2YaMV2cFp+D65t4ooL5K1zMoxJ2bi8S\nLt31P03N8KKCgXtT7m2jUl7d638mP2XF9rB2jFzDXJ4aHNp9+icfKavoKswOSIeH\nGes4JacSdIEaGVrCDzMAAAADAQABAAACAF4GAAsUC3gFOE5YoAhWSV7GDC/W6OR6\nDLP7vgEJq5YU/BD09v9QHF4nqEloUsGECjnryZ66930YzHC4rDOJAcd4H4xyai8k\njqI7EmWu0cXmfpa7mE1vZD+FNsWNtoxwKCehx3jap2Y4YSjRVcq/kMAwqIoQEOvw\nderJ6XZhjqYF8WkE7xMS4fVOYGegDNlbyPXbk1PFazeTn44pYLwWXiARwj6GiVsY\nJVEAISb41Bxj/vEFmNrYKSCaOuPW6A3RkrfRMVMmMz+btJ30FWOuPcIOfUZ/Y9nT\nT2LvE0Cg3iSxXzGUZfNaXueR51PRccopIIyKgL5gXuYEnN9z2QRsW3OljCpBekcF\nqE+sZUu/1/gWVo5D8lkyGu83YEBQ+3zJMR0Fkfx0RZ+Hb0Tgmz7AHguV6K0Pcumq\n4figppa6TspvfgLSXZ+MYEPv8h9UHXZoqj1MaEoI2CuB+jory4Ugk20IKs4u0l78\nQVJZaegRT4V0ppQcRPMAI+Vhn8eop/k+FFVJuGvgFa7tKRqT95vChz2JGXkfJ8RQ\ncAxgAu2YHjg5ioId5BbmtFVr85u12a+B5w5qd1RKLIptC48stnIAAwxWCThA97y6\nL+LPc9O2DKCsKwCNcf3WFDbnmTs+O6HrDxMKTzVf2epmmMNa6lRTXsXxZPyS3FjL\noNvRMVVKTtthAAABAD/O9XBYssbe97lMQJLS4//wGVlWmptDG/L5JhDdppT18Ac2\naHuLLaEySwsOJdC9GRCwwoTJ4VgdQNhxp6xbxPdvzGGpaXcv7x6zxJHIZ42TheTN\nt1BtTvxrEU1596aqu8kcmKXXEt7nDwDRlL4to/uhJCgB9PbhaSBeF5h233IPRXPL\nY3kHbZjSB5pmyUGGQB2XYWX9ytIZSQW5ZEBxji2I9iid34Web5k935Pg/TdV8F3u\nnAZwL1somdm7RaE4nfEd3WaVV9/5eQQE7e4j/6w5vyfiwN0JjXIb+i7MshSqTg5g\nC8GWIGp3xyZmYdP+/F5sG+hOMoTn02ULyUIqW6QAAAEBAPdcOffgADNU6FbH81oY\njZuaIzbfMrs3s4IfWEl5kfBjfxhAkiM3vp5gZO1Vvd6S/qvIscBX4pRfGH5dqGio\n4JyL71BH1QQZvASsQGy91R1DvxaiovdPJizF3m1InIGrRZNBj+Xh/lJuT2Oqf4Xg\n2jYqAkYmWHj9EBgZhSj0Rz3VdEESjQkktgByHWM1vqVM5M/oo2X+ZX+Y1q7nk4dl\n5AqU2bbdvrZiou+cih9Jzw5lI0I0qsG4xOsLxPWemp76TcIERiQGSvfhvNK3iptW\nexMJhVJ37ZCZ00QfzJMqsgzvI+4cg6/QuyemAgI3RDXxP7yvUK7Yu8R6Q0rjE9+y\nenEAAAEBANmWHX53ypqb/2l8sRIFhUfCs9T+l2Uuj40l31zLxkTCcUIG66SZnJHm\np8SiVf4weO4pwzhy9Ot8a3P2kOJEicVJEUKAYMXxXikl6cwt4hAgcTZsQSYoXL8U\ndd7/YAjOTdEhdRfwnjkPAYF2+lhCCugaf4bnpdD7j6Aw/LNUUJzqbc+4IvMD2m6i\nx0/FtC551REXAy20heXAHiePaGKo9LT37hHXX0eYKvCk/1qhEOYJknET+WpQ42fR\nV8L5ZIANrPayXmnfdknYoNv0Vp13CZtcgSrybolgS7XmHH5G2LmPdmJ+7KIcKd1a\n1EBCaC7cn46ymENBlpavkhX7tbYjzeMAAAAAAQID\n-----END OPENSSH PRIVATE KEY-----\n",
            "private_key_pem": "-----BEGIN RSA PRIVATE KEY-----\nMIIJKQIBAAKCAgEA0j45rLnSqx1/021Zyl9ywS9bs+WgzkzSWE9TqESE3glUayoA\n/4d+7HGR79iyM0LXz+hprLrwJbxSJxaEVGvCsBZIK2kFR9AdjAm34H8ZlvYFTchR\nWEbwYcT9/TEUhMnOt88CTX5mQQAXNZcw7Dppfk4BcFKMv4H1q1N6XUsm7RPUxcUc\n2aV3jQ6BaR+4HBiDCDlPDOhLXsArVrux9g1iFW75jDRfAsguaGPfL2/fV/Lkc5Rx\nKxQq8hAVpQ3uPYXPC+ML2xD5gjJCqKtvdYmFJJLWwWfQE1kuaJvO1uwwKIYgU3an\ngifmyqpUuO8YZF4cpXVcBpzvfIYVJ9Oz309aHwQEBv8sf+NO/xQRHCFQBqCnbenQ\n2t/lbABEwHOZqCbgB5eqYAG+7LTHRmlr1J5upwVJsnAP3Ov6myRlq4EctfJrHc1n\nP1qAfzaHoH+f9zPTXH6dPcsnjwdUTuH89ww45uY5V2g7P9VcKkBQCQUHDBxR8ocB\nHLz+wpV6BohrlTDgfgMcZ3DE50elQVRPdqd3T/nQQBmveTYYzvckrNvK+4Jw3uGu\naEBNjl6rw2YaMV2cFp+D65t4ooL5K1zMoxJ2bi8SLt31P03N8KKCgXtT7m2jUl7d\n638mP2XF9rB2jFzDXJ4aHNp9+icfKavoKswOSIeHGes4JacSdIEaGVrCDzMCAwEA\nAQKCAgBeBgALFAt4BThOWKAIVklexgwv1ujkegyz+74BCauWFPwQ9Pb/UBxeJ6hJ\naFLBhAo568meuvd9GMxwuKwziQHHeB+McmovJI6iOxJlrtHF5n6Wu5hNb2Q/hTbF\njbaMcCgnocd42qdmOGEo0VXKv5DAMKiKEBDr8HXqyel2YY6mBfFpBO8TEuH1TmBn\noAzZW8j125NTxWs3k5+OKWC8Fl4gEcI+holbGCVRACEm+NQcY/7xBZja2Ckgmjrj\n1ugN0ZK30TFTJjM/m7Sd9BVjrj3CDn1Gf2PZ009i7xNAoN4ksV8xlGXzWl7nkedT\n0XHKKSCMioC+YF7mBJzfc9kEbFtzpYwqQXpHBahPrGVLv9f4FlaOQ/JZMhrvN2BA\nUPt8yTEdBZH8dEWfh29E4Js+wB4LleitD3LpquH4oKaWuk7Kb34C0l2fjGBD7/If\nVB12aKo9TGhKCNgrgfo6K8uFIJNtCCrOLtJe/EFSWWnoEU+FdKaUHETzACPlYZ/H\nqKf5PhRVSbhr4BWu7Skak/ebwoc9iRl5HyfEUHAMYALtmB44OYqCHeQW5rRVa/Ob\ntdmvgecOandUSiyKbQuPLLZyAAMMVgk4QPe8ui/iz3PTtgygrCsAjXH91hQ255k7\nPjuh6w8TCk81X9nqZpjDWupUU17F8WT8ktxYy6Db0TFVSk7bYQKCAQEA91w59+AA\nM1ToVsfzWhiNm5ojNt8yuzezgh9YSXmR8GN/GECSIze+nmBk7VW93pL+q8ixwFfi\nlF8Yfl2oaKjgnIvvUEfVBBm8BKxAbL3VHUO/FqKi908mLMXebUicgatFk0GP5eH+\nUm5PY6p/heDaNioCRiZYeP0QGBmFKPRHPdV0QRKNCSS2AHIdYzW+pUzkz+ijZf5l\nf5jWrueTh2XkCpTZtt2+tmKi75yKH0nPDmUjQjSqwbjE6wvE9Z6anvpNwgRGJAZK\n9+G80reKm1Z7EwmFUnftkJnTRB/MkyqyDO8j7hyDr9C7J6YCAjdENfE/vK9Qrti7\nxHpDSuMT37J6cQKCAQEA2ZYdfnfKmpv/aXyxEgWFR8Kz1P6XZS6PjSXfXMvGRMJx\nQgbrpJmckeanxKJV/jB47inDOHL063xrc/aQ4kSJxUkRQoBgxfFeKSXpzC3iECBx\nNmxBJihcvxR13v9gCM5N0SF1F/CeOQ8BgXb6WEIK6Bp/huel0PuPoDD8s1RQnOpt\nz7gi8wPabqLHT8W0LnnVERcDLbSF5cAeJ49oYqj0tPfuEddfR5gq8KT/WqEQ5gmS\ncRP5alDjZ9FXwvlkgA2s9rJead92Sdig2/RWnXcJm1yBKvJuiWBLteYcfkbYuY92\nYn7sohwp3VrUQEJoLtyfjrKYQ0GWlq+SFfu1tiPN4wKCAQEAzWaT7DThdb6Hv6gB\nd0r0K8VugF4Ork+ui9qjYT/F46t7GhRkRUJA0xqQNFQCehPtzY+1qlZQG4xrtmLn\nOSEiglvguPUs+V61NdwjEyj/EnHy90TNtjbPKFaWQIEPFM231HOYnfdvS9u1qLkn\nc3AnQtrXUJD+3lilSJ3IaR2PGtVo17Aj1Pfa+bvIk11JldGoHsy7AjKg7bdobYx2\ngPQmzHKV5rdzade2HOoL97c+bGGnSY6aTIq1WchIIP02v9RxRS5vX/KpxfR46zDl\ns9+4CzLYtoZHis9xExykr3/AoeTiHRModpIJFv9Oo7Bov7I4juG1SbtHD/vGbSTq\nl9KIwQKCAQEAtjpR00QyS5BQtaD3j1dOS05WXBEo7FW1ZgoM6mPDVnzea+Tt33nD\nNjJN2ZH3oR4peZVCaXllg/884u7iYo3yMGdEbESmR8EhEictipH23Xi+OE0rtvBg\n1KsnGK8aV+WoKHjz3yvm53SY1zu06MvO5JqkqXBCYCb/H7NHQE1iAjkX5Lqbkpls\ni/IKKNY0VCQ2/MwgHlwtM8DVwF4Ll21XHGT0Xr7YjlZzx/z324g/Zdkoa0nGPnMm\nMSGTdbh2ogRSEn5KMjMzlx81gWE+VTyHsDUl/LjzOFyMq/ffbyaYhbgP9ufD+PTL\nXxad4n97T5v4iYMroFBC9Upvd7fKdJPB7wKCAQA/zvVwWLLG3ve5TECS0uP/8BlZ\nVpqbQxvy+SYQ3aaU9fAHNmh7iy2hMksLDiXQvRkQsMKEyeFYHUDYcaesW8T3b8xh\nqWl3L+8es8SRyGeNk4XkzbdQbU78axFNefemqrvJHJil1xLe5w8A0ZS+LaP7oSQo\nAfT24WkgXheYdt9yD0Vzy2N5B22Y0geaZslBhkAdl2Fl/crSGUkFuWRAcY4tiPYo\nnd+Fnm+ZPd+T4P03VfBd7pwGcC9bKJnZu0WhOJ3xHd1mlVff+XkEBO3uI/+sOb8n\n4sDdCY1yG/ouzLIUqk4OYAvBliBqd8cmZmHT/vxebBvoTjKE59NlC8lCKluk\n-----END RSA PRIVATE KEY-----\n",
            "private_key_pem_pkcs8": "-----BEGIN PRIVATE KEY-----\nMIIJQwIBADANBgkqhkiG9w0BAQEFAASCCS0wggkpAgEAAoICAQDSPjmsudKrHX/T\nbVnKX3LBL1uz5aDOTNJYT1OoRITeCVRrKgD/h37scZHv2LIzQtfP6GmsuvAlvFIn\nFoRUa8KwFkgraQVH0B2MCbfgfxmW9gVNyFFYRvBhxP39MRSEyc63zwJNfmZBABc1\nlzDsOml+TgFwUoy/gfWrU3pdSybtE9TFxRzZpXeNDoFpH7gcGIMIOU8M6EtewCtW\nu7H2DWIVbvmMNF8CyC5oY98vb99X8uRzlHErFCryEBWlDe49hc8L4wvbEPmCMkKo\nq291iYUkktbBZ9ATWS5om87W7DAohiBTdqeCJ+bKqlS47xhkXhyldVwGnO98hhUn\n07PfT1ofBAQG/yx/407/FBEcIVAGoKdt6dDa3+VsAETAc5moJuAHl6pgAb7stMdG\naWvUnm6nBUmycA/c6/qbJGWrgRy18msdzWc/WoB/Noegf5/3M9Ncfp09yyePB1RO\n4fz3DDjm5jlXaDs/1VwqQFAJBQcMHFHyhwEcvP7ClXoGiGuVMOB+AxxncMTnR6VB\nVE92p3dP+dBAGa95NhjO9ySs28r7gnDe4a5oQE2OXqvDZhoxXZwWn4Prm3iigvkr\nXMyjEnZuLxIu3fU/Tc3wooKBe1PubaNSXt3rfyY/ZcX2sHaMXMNcnhoc2n36Jx8p\nq+gqzA5Ih4cZ6zglpxJ0gRoZWsIPMwIDAQABAoICAF4GAAsUC3gFOE5YoAhWSV7G\nDC/W6OR6DLP7vgEJq5YU/BD09v9QHF4nqEloUsGECjnryZ66930YzHC4rDOJAcd4\nH4xyai8kjqI7EmWu0cXmfpa7mE1vZD+FNsWNtoxwKCehx3jap2Y4YSjRVcq/kMAw\nqIoQEOvwderJ6XZhjqYF8WkE7xMS4fVOYGegDNlbyPXbk1PFazeTn44pYLwWXiAR\nwj6GiVsYJVEAISb41Bxj/vEFmNrYKSCaOuPW6A3RkrfRMVMmMz+btJ30FWOuPcIO\nfUZ/Y9nTT2LvE0Cg3iSxXzGUZfNaXueR51PRccopIIyKgL5gXuYEnN9z2QRsW3Ol\njCpBekcFqE+sZUu/1/gWVo5D8lkyGu83YEBQ+3zJMR0Fkfx0RZ+Hb0Tgmz7AHguV\n6K0Pcumq4figppa6TspvfgLSXZ+MYEPv8h9UHXZoqj1MaEoI2CuB+jory4Ugk20I\nKs4u0l78QVJZaegRT4V0ppQcRPMAI+Vhn8eop/k+FFVJuGvgFa7tKRqT95vChz2J\nGXkfJ8RQcAxgAu2YHjg5ioId5BbmtFVr85u12a+B5w5qd1RKLIptC48stnIAAwxW\nCThA97y6L+LPc9O2DKCsKwCNcf3WFDbnmTs+O6HrDxMKTzVf2epmmMNa6lRTXsXx\nZPyS3FjLoNvRMVVKTtthAoIBAQD3XDn34AAzVOhWx/NaGI2bmiM23zK7N7OCH1hJ\neZHwY38YQJIjN76eYGTtVb3ekv6ryLHAV+KUXxh+XahoqOCci+9QR9UEGbwErEBs\nvdUdQ78WoqL3TyYsxd5tSJyBq0WTQY/l4f5Sbk9jqn+F4No2KgJGJlh4/RAYGYUo\n9Ec91XRBEo0JJLYAch1jNb6lTOTP6KNl/mV/mNau55OHZeQKlNm23b62YqLvnIof\nSc8OZSNCNKrBuMTrC8T1npqe+k3CBEYkBkr34bzSt4qbVnsTCYVSd+2QmdNEH8yT\nKrIM7yPuHIOv0LsnpgICN0Q18T+8r1Cu2LvEekNK4xPfsnpxAoIBAQDZlh1+d8qa\nm/9pfLESBYVHwrPU/pdlLo+NJd9cy8ZEwnFCBuukmZyR5qfEolX+MHjuKcM4cvTr\nfGtz9pDiRInFSRFCgGDF8V4pJenMLeIQIHE2bEEmKFy/FHXe/2AIzk3RIXUX8J45\nDwGBdvpYQgroGn+G56XQ+4+gMPyzVFCc6m3PuCLzA9puosdPxbQuedURFwMttIXl\nwB4nj2hiqPS09+4R119HmCrwpP9aoRDmCZJxE/lqUONn0VfC+WSADaz2sl5p33ZJ\n2KDb9FaddwmbXIEq8m6JYEu15hx+Rti5j3ZifuyiHCndWtRAQmgu3J+OsphDQZaW\nr5IV+7W2I83jAoIBAQDNZpPsNOF1voe/qAF3SvQrxW6AXg6uT66L2qNhP8Xjq3sa\nFGRFQkDTGpA0VAJ6E+3Nj7WqVlAbjGu2Yuc5ISKCW+C49Sz5XrU13CMTKP8ScfL3\nRM22Ns8oVpZAgQ8UzbfUc5id929L27WouSdzcCdC2tdQkP7eWKVInchpHY8a1WjX\nsCPU99r5u8iTXUmV0agezLsCMqDtt2htjHaA9CbMcpXmt3Np17Yc6gv3tz5sYadJ\njppMirVZyEgg/Ta/1HFFLm9f8qnF9HjrMOWz37gLMti2hkeKz3ETHKSvf8Ch5OId\nEyh2kgkW/06jsGi/sjiO4bVJu0cP+8ZtJOqX0ojBAoIBAQC2OlHTRDJLkFC1oPeP\nV05LTlZcESjsVbVmCgzqY8NWfN5r5O3fecM2Mk3ZkfehHil5lUJpeWWD/zzi7uJi\njfIwZ0RsRKZHwSESJy2KkfbdeL44TSu28GDUqycYrxpX5agoePPfK+bndJjXO7To\ny87kmqSpcEJgJv8fs0dATWICORfkupuSmWyL8goo1jRUJDb8zCAeXC0zwNXAXguX\nbVccZPRevtiOVnPH/PfbiD9l2ShrScY+cyYxIZN1uHaiBFISfkoyMzOXHzWBYT5V\nPIewNSX8uPM4XIyr999vJpiFuA/258P49MtfFp3if3tPm/iJgyugUEL1Sm93t8p0\nk8HvAoIBAD/O9XBYssbe97lMQJLS4//wGVlWmptDG/L5JhDdppT18Ac2aHuLLaEy\nSwsOJdC9GRCwwoTJ4VgdQNhxp6xbxPdvzGGpaXcv7x6zxJHIZ42TheTNt1BtTvxr\nEU1596aqu8kcmKXXEt7nDwDRlL4to/uhJCgB9PbhaSBeF5h233IPRXPLY3kHbZjS\nB5pmyUGGQB2XYWX9ytIZSQW5ZEBxji2I9iid34Web5k935Pg/TdV8F3unAZwL1so\nmdm7RaE4nfEd3WaVV9/5eQQE7e4j/6w5vyfiwN0JjXIb+i7MshSqTg5gC8GWIGp3\nxyZmYdP+/F5sG+hOMoTn02ULyUIqW6Q=\n-----END PRIVATE KEY-----\n",
            "public_key_fingerprint_md5": "fe:af:1f:d7:ca:2f:29:4b:a0:13:ee:57:9f:94:c0:08",
            "public_key_fingerprint_sha256": "SHA256:l7MbKvNqB2pLZ1yV8Hq9ZpzB+ZEcsalWbD7sJtVNLe4",
            "public_key_openssh": "ssh-rsa AAAAB3NzaC1yc2EAAAADAQABAAACAQDSPjmsudKrHX/TbVnKX3LBL1uz5aDOTNJYT1OoRITeCVRrKgD/h37scZHv2LIzQtfP6GmsuvAlvFInFoRUa8KwFkgraQVH0B2MCbfgfxmW9gVNyFFYRvBhxP39MRSEyc63zwJNfmZBABc1lzDsOml+TgFwUoy/gfWrU3pdSybtE9TFxRzZpXeNDoFpH7gcGIMIOU8M6EtewCtWu7H2DWIVbvmMNF8CyC5oY98vb99X8uRzlHErFCryEBWlDe49hc8L4wvbEPmCMkKoq291iYUkktbBZ9ATWS5om87W7DAohiBTdqeCJ+bKqlS47xhkXhyldVwGnO98hhUn07PfT1ofBAQG/yx/407/FBEcIVAGoKdt6dDa3+VsAETAc5moJuAHl6pgAb7stMdGaWvUnm6nBUmycA/c6/qbJGWrgRy18msdzWc/WoB/Noegf5/3M9Ncfp09yyePB1RO4fz3DDjm5jlXaDs/1VwqQFAJBQcMHFHyhwEcvP7ClXoGiGuVMOB+AxxncMTnR6VBVE92p3dP+dBAGa95NhjO9ySs28r7gnDe4a5oQE2OXqvDZhoxXZwWn4Prm3iigvkrXMyjEnZuLxIu3fU/Tc3wooKBe1PubaNSXt3rfyY/ZcX2sHaMXMNcnhoc2n36Jx8pq+gqzA5Ih4cZ6zglpxJ0gRoZWsIPMw==\n",
            "public_key_pem": "-----BEGIN PUBLIC KEY-----\nMIICIjANBgkqhkiG9w0BAQEFAAOCAg8AMIICCgKCAgEA0j45rLnSqx1/021Zyl9y\nwS9bs+WgzkzSWE9TqESE3glUayoA/4d+7HGR79iyM0LXz+hprLrwJbxSJxaEVGvC\nsBZIK2kFR9AdjAm34H8ZlvYFTchRWEbwYcT9/TEUhMnOt88CTX5mQQAXNZcw7Dpp\nfk4BcFKMv4H1q1N6XUsm7RPUxcUc2aV3jQ6BaR+4HBiDCDlPDOhLXsArVrux9g1i\nFW75jDRfAsguaGPfL2/fV/Lkc5RxKxQq8hAVpQ3uPYXPC+ML2xD5gjJCqKtvdYmF\nJJLWwWfQE1kuaJvO1uwwKIYgU3angifmyqpUuO8YZF4cpXVcBpzvfIYVJ9Oz309a\nHwQEBv8sf+NO/xQRHCFQBqCnbenQ2t/lbABEwHOZqCbgB5eqYAG+7LTHRmlr1J5u\npwVJsnAP3Ov6myRlq4EctfJrHc1nP1qAfzaHoH+f9zPTXH6dPcsnjwdUTuH89ww4\n5uY5V2g7P9VcKkBQCQUHDBxR8ocBHLz+wpV6BohrlTDgfgMcZ3DE50elQVRPdqd3\nT/nQQBmveTYYzvckrNvK+4Jw3uGuaEBNjl6rw2YaMV2cFp+D65t4ooL5K1zMoxJ2\nbi8SLt31P03N8KKCgXtT7m2jUl7d638mP2XF9rB2jFzDXJ4aHNp9+icfKavoKswO\nSIeHGes4JacSdIEaGVrCDzMCAwEAAQ==\n-----END PUBLIC KEY-----\n",
            "rsa_bits": 4096
          },
          "sensitive_attributes": [
            [
              {
                "type": "get_attr",
                "value": "private_key_pem"
              }
            ],
            [
              {
                "type": "get_attr",
                "value": "private_key_pem_pkcs8"
              }
            ],
            [
              {
                "type": "get_attr",
                "value": "private_key_openssh"
              }
            ]
          ]
        }
      ]
    }
  ],
  "check_results": null
}
